// !$*UTF8*$!
{
	archiveVersion = 1;
	classes = {
	};
	objectVersion = 55;
	objects = {

/* Begin PBXBuildFile section */
		6C7A537E274980400058294D /* AppWatchCommunicationApp.swift in Sources */ = {isa = PBXBuildFile; fileRef = 6C7A537D274980400058294D /* AppWatchCommunicationApp.swift */; };
		6C7A5380274980400058294D /* ContentView.swift in Sources */ = {isa = PBXBuildFile; fileRef = 6C7A537F274980400058294D /* ContentView.swift */; };
		6C7A5382274980410058294D /* Assets.xcassets in Resources */ = {isa = PBXBuildFile; fileRef = 6C7A5381274980410058294D /* Assets.xcassets */; };
		6C7A5385274980410058294D /* Preview Assets.xcassets in Resources */ = {isa = PBXBuildFile; fileRef = 6C7A5384274980410058294D /* Preview Assets.xcassets */; };
		6C7A5389274980410058294D /* AppWatchCommunication WatchKit App.app in Embed Watch Content */ = {isa = PBXBuildFile; fileRef = 6C7A5388274980410058294D /* AppWatchCommunication WatchKit App.app */; settings = {ATTRIBUTES = (RemoveHeadersOnCopy, ); }; };
		6C7A538E274980410058294D /* Assets.xcassets in Resources */ = {isa = PBXBuildFile; fileRef = 6C7A538D274980410058294D /* Assets.xcassets */; };
		6C7A5394274980420058294D /* AppWatchCommunication WatchKit Extension.appex in Embed App Extensions */ = {isa = PBXBuildFile; fileRef = 6C7A5393274980420058294D /* AppWatchCommunication WatchKit Extension.appex */; settings = {ATTRIBUTES = (RemoveHeadersOnCopy, ); }; };
		6C7A5399274980420058294D /* AppWatchCommunicationApp.swift in Sources */ = {isa = PBXBuildFile; fileRef = 6C7A5398274980420058294D /* AppWatchCommunicationApp.swift */; };
		6C7A539B274980420058294D /* ContentView.swift in Sources */ = {isa = PBXBuildFile; fileRef = 6C7A539A274980420058294D /* ContentView.swift */; };
		6C7A539D274980420058294D /* NotificationController.swift in Sources */ = {isa = PBXBuildFile; fileRef = 6C7A539C274980420058294D /* NotificationController.swift */; };
		6C7A539F274980420058294D /* NotificationView.swift in Sources */ = {isa = PBXBuildFile; fileRef = 6C7A539E274980420058294D /* NotificationView.swift */; };
		6C7A53A1274980420058294D /* ComplicationController.swift in Sources */ = {isa = PBXBuildFile; fileRef = 6C7A53A0274980420058294D /* ComplicationController.swift */; };
		6C7A53A3274980420058294D /* Assets.xcassets in Resources */ = {isa = PBXBuildFile; fileRef = 6C7A53A2274980420058294D /* Assets.xcassets */; };
		6C7A53A6274980420058294D /* Preview Assets.xcassets in Resources */ = {isa = PBXBuildFile; fileRef = 6C7A53A5274980420058294D /* Preview Assets.xcassets */; };
		6C7A53B72749807A0058294D /* PhoneToWatchDataController.swift in Sources */ = {isa = PBXBuildFile; fileRef = 6C7A53B62749807A0058294D /* PhoneToWatchDataController.swift */; };
		6C7A53B9274981A40058294D /* WatchToPhoneDataController.swift in Sources */ = {isa = PBXBuildFile; fileRef = 6C7A53B8274981A40058294D /* WatchToPhoneDataController.swift */; };
/* End PBXBuildFile section */

/* Begin PBXContainerItemProxy section */
		6C7A538A274980410058294D /* PBXContainerItemProxy */ = {
			isa = PBXContainerItemProxy;
			containerPortal = 6C7A5372274980400058294D /* Project object */;
			proxyType = 1;
			remoteGlobalIDString = 6C7A5387274980410058294D;
			remoteInfo = "AppWatchCommunication WatchKit App";
		};
		6C7A5395274980420058294D /* PBXContainerItemProxy */ = {
			isa = PBXContainerItemProxy;
			containerPortal = 6C7A5372274980400058294D /* Project object */;
			proxyType = 1;
			remoteGlobalIDString = 6C7A5392274980420058294D;
			remoteInfo = "AppWatchCommunication WatchKit Extension";
		};
/* End PBXContainerItemProxy section */

/* Begin PBXCopyFilesBuildPhase section */
		6C7A53AE274980420058294D /* Embed App Extensions */ = {
			isa = PBXCopyFilesBuildPhase;
			buildActionMask = 2147483647;
			dstPath = "";
			dstSubfolderSpec = 13;
			files = (
				6C7A5394274980420058294D /* AppWatchCommunication WatchKit Extension.appex in Embed App Extensions */,
			);
			name = "Embed App Extensions";
			runOnlyForDeploymentPostprocessing = 0;
		};
		6C7A53B2274980420058294D /* Embed Watch Content */ = {
			isa = PBXCopyFilesBuildPhase;
			buildActionMask = 2147483647;
			dstPath = "$(CONTENTS_FOLDER_PATH)/Watch";
			dstSubfolderSpec = 16;
			files = (
				6C7A5389274980410058294D /* AppWatchCommunication WatchKit App.app in Embed Watch Content */,
			);
			name = "Embed Watch Content";
			runOnlyForDeploymentPostprocessing = 0;
		};
/* End PBXCopyFilesBuildPhase section */

/* Begin PBXFileReference section */
		6C7A537A274980400058294D /* AppWatchCommunication.app */ = {isa = PBXFileReference; explicitFileType = wrapper.application; includeInIndex = 0; path = AppWatchCommunication.app; sourceTree = BUILT_PRODUCTS_DIR; };
		6C7A537D274980400058294D /* AppWatchCommunicationApp.swift */ = {isa = PBXFileReference; lastKnownFileType = sourcecode.swift; path = AppWatchCommunicationApp.swift; sourceTree = "<group>"; };
		6C7A537F274980400058294D /* ContentView.swift */ = {isa = PBXFileReference; lastKnownFileType = sourcecode.swift; path = ContentView.swift; sourceTree = "<group>"; };
		6C7A5381274980410058294D /* Assets.xcassets */ = {isa = PBXFileReference; lastKnownFileType = folder.assetcatalog; path = Assets.xcassets; sourceTree = "<group>"; };
		6C7A5384274980410058294D /* Preview Assets.xcassets */ = {isa = PBXFileReference; lastKnownFileType = folder.assetcatalog; path = "Preview Assets.xcassets"; sourceTree = "<group>"; };
		6C7A5388274980410058294D /* AppWatchCommunication WatchKit App.app */ = {isa = PBXFileReference; explicitFileType = wrapper.application; includeInIndex = 0; path = "AppWatchCommunication WatchKit App.app"; sourceTree = BUILT_PRODUCTS_DIR; };
		6C7A538D274980410058294D /* Assets.xcassets */ = {isa = PBXFileReference; lastKnownFileType = folder.assetcatalog; path = Assets.xcassets; sourceTree = "<group>"; };
		6C7A5393274980420058294D /* AppWatchCommunication WatchKit Extension.appex */ = {isa = PBXFileReference; explicitFileType = "wrapper.app-extension"; includeInIndex = 0; path = "AppWatchCommunication WatchKit Extension.appex"; sourceTree = BUILT_PRODUCTS_DIR; };
		6C7A5398274980420058294D /* AppWatchCommunicationApp.swift */ = {isa = PBXFileReference; lastKnownFileType = sourcecode.swift; path = AppWatchCommunicationApp.swift; sourceTree = "<group>"; };
		6C7A539A274980420058294D /* ContentView.swift */ = {isa = PBXFileReference; lastKnownFileType = sourcecode.swift; path = ContentView.swift; sourceTree = "<group>"; };
		6C7A539C274980420058294D /* NotificationController.swift */ = {isa = PBXFileReference; lastKnownFileType = sourcecode.swift; path = NotificationController.swift; sourceTree = "<group>"; };
		6C7A539E274980420058294D /* NotificationView.swift */ = {isa = PBXFileReference; lastKnownFileType = sourcecode.swift; path = NotificationView.swift; sourceTree = "<group>"; };
		6C7A53A0274980420058294D /* ComplicationController.swift */ = {isa = PBXFileReference; lastKnownFileType = sourcecode.swift; path = ComplicationController.swift; sourceTree = "<group>"; };
		6C7A53A2274980420058294D /* Assets.xcassets */ = {isa = PBXFileReference; lastKnownFileType = folder.assetcatalog; path = Assets.xcassets; sourceTree = "<group>"; };
		6C7A53A5274980420058294D /* Preview Assets.xcassets */ = {isa = PBXFileReference; lastKnownFileType = folder.assetcatalog; path = "Preview Assets.xcassets"; sourceTree = "<group>"; };
		6C7A53A7274980420058294D /* Info.plist */ = {isa = PBXFileReference; lastKnownFileType = text.plist.xml; path = Info.plist; sourceTree = "<group>"; };
		6C7A53A8274980420058294D /* PushNotificationPayload.apns */ = {isa = PBXFileReference; lastKnownFileType = text; path = PushNotificationPayload.apns; sourceTree = "<group>"; };
		6C7A53B62749807A0058294D /* PhoneToWatchDataController.swift */ = {isa = PBXFileReference; lastKnownFileType = sourcecode.swift; path = PhoneToWatchDataController.swift; sourceTree = "<group>"; };
		6C7A53B8274981A40058294D /* WatchToPhoneDataController.swift */ = {isa = PBXFileReference; lastKnownFileType = sourcecode.swift; path = WatchToPhoneDataController.swift; sourceTree = "<group>"; };
/* End PBXFileReference section */

/* Begin PBXFrameworksBuildPhase section */
		6C7A5377274980400058294D /* Frameworks */ = {
			isa = PBXFrameworksBuildPhase;
			buildActionMask = 2147483647;
			files = (
			);
			runOnlyForDeploymentPostprocessing = 0;
		};
		6C7A5390274980420058294D /* Frameworks */ = {
			isa = PBXFrameworksBuildPhase;
			buildActionMask = 2147483647;
			files = (
			);
			runOnlyForDeploymentPostprocessing = 0;
		};
/* End PBXFrameworksBuildPhase section */

/* Begin PBXGroup section */
		6C7A5371274980400058294D = {
			isa = PBXGroup;
			children = (
				6C7A537C274980400058294D /* AppWatchCommunication */,
				6C7A538C274980410058294D /* AppWatchCommunication WatchKit App */,
				6C7A5397274980420058294D /* AppWatchCommunication WatchKit Extension */,
				6C7A537B274980400058294D /* Products */,
			);
			sourceTree = "<group>";
		};
		6C7A537B274980400058294D /* Products */ = {
			isa = PBXGroup;
			children = (
				6C7A537A274980400058294D /* AppWatchCommunication.app */,
				6C7A5388274980410058294D /* AppWatchCommunication WatchKit App.app */,
				6C7A5393274980420058294D /* AppWatchCommunication WatchKit Extension.appex */,
			);
			name = Products;
			sourceTree = "<group>";
		};
		6C7A537C274980400058294D /* AppWatchCommunication */ = {
			isa = PBXGroup;
			children = (
				6C7A537D274980400058294D /* AppWatchCommunicationApp.swift */,
				6C7A537F274980400058294D /* ContentView.swift */,
				6C7A53B62749807A0058294D /* PhoneToWatchDataController.swift */,
				6C7A5381274980410058294D /* Assets.xcassets */,
				6C7A5383274980410058294D /* Preview Content */,
			);
			path = AppWatchCommunication;
			sourceTree = "<group>";
		};
		6C7A5383274980410058294D /* Preview Content */ = {
			isa = PBXGroup;
			children = (
				6C7A5384274980410058294D /* Preview Assets.xcassets */,
			);
			path = "Preview Content";
			sourceTree = "<group>";
		};
		6C7A538C274980410058294D /* AppWatchCommunication WatchKit App */ = {
			isa = PBXGroup;
			children = (
				6C7A538D274980410058294D /* Assets.xcassets */,
			);
			path = "AppWatchCommunication WatchKit App";
			sourceTree = "<group>";
		};
		6C7A5397274980420058294D /* AppWatchCommunication WatchKit Extension */ = {
			isa = PBXGroup;
			children = (
				6C7A5398274980420058294D /* AppWatchCommunicationApp.swift */,
				6C7A539A274980420058294D /* ContentView.swift */,
				6C7A539C274980420058294D /* NotificationController.swift */,
				6C7A539E274980420058294D /* NotificationView.swift */,
				6C7A53A0274980420058294D /* ComplicationController.swift */,
				6C7A53B8274981A40058294D /* WatchToPhoneDataController.swift */,
				6C7A53A2274980420058294D /* Assets.xcassets */,
				6C7A53A7274980420058294D /* Info.plist */,
				6C7A53A8274980420058294D /* PushNotificationPayload.apns */,
				6C7A53A4274980420058294D /* Preview Content */,
			);
			path = "AppWatchCommunication WatchKit Extension";
			sourceTree = "<group>";
		};
		6C7A53A4274980420058294D /* Preview Content */ = {
			isa = PBXGroup;
			children = (
				6C7A53A5274980420058294D /* Preview Assets.xcassets */,
			);
			path = "Preview Content";
			sourceTree = "<group>";
		};
/* End PBXGroup section */

/* Begin PBXNativeTarget section */
		6C7A5379274980400058294D /* AppWatchCommunication */ = {
			isa = PBXNativeTarget;
			buildConfigurationList = 6C7A53B3274980420058294D /* Build configuration list for PBXNativeTarget "AppWatchCommunication" */;
			buildPhases = (
				6C7A5376274980400058294D /* Sources */,
				6C7A5377274980400058294D /* Frameworks */,
				6C7A5378274980400058294D /* Resources */,
				6C7A53B2274980420058294D /* Embed Watch Content */,
			);
			buildRules = (
			);
			dependencies = (
				6C7A538B274980410058294D /* PBXTargetDependency */,
			);
			name = AppWatchCommunication;
			productName = AppWatchCommunication;
			productReference = 6C7A537A274980400058294D /* AppWatchCommunication.app */;
			productType = "com.apple.product-type.application";
		};
		6C7A5387274980410058294D /* AppWatchCommunication WatchKit App */ = {
			isa = PBXNativeTarget;
			buildConfigurationList = 6C7A53AF274980420058294D /* Build configuration list for PBXNativeTarget "AppWatchCommunication WatchKit App" */;
			buildPhases = (
				6C7A5386274980410058294D /* Resources */,
				6C7A53AE274980420058294D /* Embed App Extensions */,
			);
			buildRules = (
			);
			dependencies = (
				6C7A5396274980420058294D /* PBXTargetDependency */,
			);
			name = "AppWatchCommunication WatchKit App";
			productName = "AppWatchCommunication WatchKit App";
			productReference = 6C7A5388274980410058294D /* AppWatchCommunication WatchKit App.app */;
			productType = "com.apple.product-type.application.watchapp2";
		};
		6C7A5392274980420058294D /* AppWatchCommunication WatchKit Extension */ = {
			isa = PBXNativeTarget;
			buildConfigurationList = 6C7A53AB274980420058294D /* Build configuration list for PBXNativeTarget "AppWatchCommunication WatchKit Extension" */;
			buildPhases = (
				6C7A538F274980420058294D /* Sources */,
				6C7A5390274980420058294D /* Frameworks */,
				6C7A5391274980420058294D /* Resources */,
			);
			buildRules = (
			);
			dependencies = (
			);
			name = "AppWatchCommunication WatchKit Extension";
			productName = "AppWatchCommunication WatchKit Extension";
			productReference = 6C7A5393274980420058294D /* AppWatchCommunication WatchKit Extension.appex */;
			productType = "com.apple.product-type.watchkit2-extension";
		};
/* End PBXNativeTarget section */

/* Begin PBXProject section */
		6C7A5372274980400058294D /* Project object */ = {
			isa = PBXProject;
			attributes = {
				BuildIndependentTargetsInParallel = 1;
				LastSwiftUpdateCheck = 1310;
				LastUpgradeCheck = 1310;
				TargetAttributes = {
					6C7A5379274980400058294D = {
						CreatedOnToolsVersion = 13.1;
					};
					6C7A5387274980410058294D = {
						CreatedOnToolsVersion = 13.1;
					};
					6C7A5392274980420058294D = {
						CreatedOnToolsVersion = 13.1;
					};
				};
			};
			buildConfigurationList = 6C7A5375274980400058294D /* Build configuration list for PBXProject "AppWatchCommunication" */;
			compatibilityVersion = "Xcode 13.0";
			developmentRegion = en;
			hasScannedForEncodings = 0;
			knownRegions = (
				en,
				Base,
			);
			mainGroup = 6C7A5371274980400058294D;
			productRefGroup = 6C7A537B274980400058294D /* Products */;
			projectDirPath = "";
			projectRoot = "";
			targets = (
				6C7A5379274980400058294D /* AppWatchCommunication */,
				6C7A5387274980410058294D /* AppWatchCommunication WatchKit App */,
				6C7A5392274980420058294D /* AppWatchCommunication WatchKit Extension */,
			);
		};
/* End PBXProject section */

/* Begin PBXResourcesBuildPhase section */
		6C7A5378274980400058294D /* Resources */ = {
			isa = PBXResourcesBuildPhase;
			buildActionMask = 2147483647;
			files = (
				6C7A5385274980410058294D /* Preview Assets.xcassets in Resources */,
				6C7A5382274980410058294D /* Assets.xcassets in Resources */,
			);
			runOnlyForDeploymentPostprocessing = 0;
		};
		6C7A5386274980410058294D /* Resources */ = {
			isa = PBXResourcesBuildPhase;
			buildActionMask = 2147483647;
			files = (
				6C7A538E274980410058294D /* Assets.xcassets in Resources */,
			);
			runOnlyForDeploymentPostprocessing = 0;
		};
		6C7A5391274980420058294D /* Resources */ = {
			isa = PBXResourcesBuildPhase;
			buildActionMask = 2147483647;
			files = (
				6C7A53A6274980420058294D /* Preview Assets.xcassets in Resources */,
				6C7A53A3274980420058294D /* Assets.xcassets in Resources */,
			);
			runOnlyForDeploymentPostprocessing = 0;
		};
/* End PBXResourcesBuildPhase section */

/* Begin PBXSourcesBuildPhase section */
		6C7A5376274980400058294D /* Sources */ = {
			isa = PBXSourcesBuildPhase;
			buildActionMask = 2147483647;
			files = (
				6C7A5380274980400058294D /* ContentView.swift in Sources */,
				6C7A537E274980400058294D /* AppWatchCommunicationApp.swift in Sources */,
				6C7A53B72749807A0058294D /* PhoneToWatchDataController.swift in Sources */,
			);
			runOnlyForDeploymentPostprocessing = 0;
		};
		6C7A538F274980420058294D /* Sources */ = {
			isa = PBXSourcesBuildPhase;
			buildActionMask = 2147483647;
			files = (
				6C7A53B9274981A40058294D /* WatchToPhoneDataController.swift in Sources */,
				6C7A539D274980420058294D /* NotificationController.swift in Sources */,
				6C7A539B274980420058294D /* ContentView.swift in Sources */,
				6C7A53A1274980420058294D /* ComplicationController.swift in Sources */,
				6C7A5399274980420058294D /* AppWatchCommunicationApp.swift in Sources */,
				6C7A539F274980420058294D /* NotificationView.swift in Sources */,
			);
			runOnlyForDeploymentPostprocessing = 0;
		};
/* End PBXSourcesBuildPhase section */

/* Begin PBXTargetDependency section */
		6C7A538B274980410058294D /* PBXTargetDependency */ = {
			isa = PBXTargetDependency;
			target = 6C7A5387274980410058294D /* AppWatchCommunication WatchKit App */;
			targetProxy = 6C7A538A274980410058294D /* PBXContainerItemProxy */;
		};
		6C7A5396274980420058294D /* PBXTargetDependency */ = {
			isa = PBXTargetDependency;
			target = 6C7A5392274980420058294D /* AppWatchCommunication WatchKit Extension */;
			targetProxy = 6C7A5395274980420058294D /* PBXContainerItemProxy */;
		};
/* End PBXTargetDependency section */

/* Begin XCBuildConfiguration section */
		6C7A53A9274980420058294D /* Debug */ = {
			isa = XCBuildConfiguration;
			buildSettings = {
				ALWAYS_SEARCH_USER_PATHS = NO;
				CLANG_ANALYZER_NONNULL = YES;
				CLANG_ANALYZER_NUMBER_OBJECT_CONVERSION = YES_AGGRESSIVE;
				CLANG_CXX_LANGUAGE_STANDARD = "gnu++17";
				CLANG_CXX_LIBRARY = "libc++";
				CLANG_ENABLE_MODULES = YES;
				CLANG_ENABLE_OBJC_ARC = YES;
				CLANG_ENABLE_OBJC_WEAK = YES;
				CLANG_WARN_BLOCK_CAPTURE_AUTORELEASING = YES;
				CLANG_WARN_BOOL_CONVERSION = YES;
				CLANG_WARN_COMMA = YES;
				CLANG_WARN_CONSTANT_CONVERSION = YES;
				CLANG_WARN_DEPRECATED_OBJC_IMPLEMENTATIONS = YES;
				CLANG_WARN_DIRECT_OBJC_ISA_USAGE = YES_ERROR;
				CLANG_WARN_DOCUMENTATION_COMMENTS = YES;
				CLANG_WARN_EMPTY_BODY = YES;
				CLANG_WARN_ENUM_CONVERSION = YES;
				CLANG_WARN_INFINITE_RECURSION = YES;
				CLANG_WARN_INT_CONVERSION = YES;
				CLANG_WARN_NON_LITERAL_NULL_CONVERSION = YES;
				CLANG_WARN_OBJC_IMPLICIT_RETAIN_SELF = YES;
				CLANG_WARN_OBJC_LITERAL_CONVERSION = YES;
				CLANG_WARN_OBJC_ROOT_CLASS = YES_ERROR;
				CLANG_WARN_QUOTED_INCLUDE_IN_FRAMEWORK_HEADER = YES;
				CLANG_WARN_RANGE_LOOP_ANALYSIS = YES;
				CLANG_WARN_STRICT_PROTOTYPES = YES;
				CLANG_WARN_SUSPICIOUS_MOVE = YES;
				CLANG_WARN_UNGUARDED_AVAILABILITY = YES_AGGRESSIVE;
				CLANG_WARN_UNREACHABLE_CODE = YES;
				CLANG_WARN__DUPLICATE_METHOD_MATCH = YES;
				COPY_PHASE_STRIP = NO;
				DEBUG_INFORMATION_FORMAT = dwarf;
				ENABLE_STRICT_OBJC_MSGSEND = YES;
				ENABLE_TESTABILITY = YES;
				GCC_C_LANGUAGE_STANDARD = gnu11;
				GCC_DYNAMIC_NO_PIC = NO;
				GCC_NO_COMMON_BLOCKS = YES;
				GCC_OPTIMIZATION_LEVEL = 0;
				GCC_PREPROCESSOR_DEFINITIONS = (
					"DEBUG=1",
					"$(inherited)",
				);
				GCC_WARN_64_TO_32_BIT_CONVERSION = YES;
				GCC_WARN_ABOUT_RETURN_TYPE = YES_ERROR;
				GCC_WARN_UNDECLARED_SELECTOR = YES;
				GCC_WARN_UNINITIALIZED_AUTOS = YES_AGGRESSIVE;
				GCC_WARN_UNUSED_FUNCTION = YES;
				GCC_WARN_UNUSED_VARIABLE = YES;
				MTL_ENABLE_DEBUG_INFO = INCLUDE_SOURCE;
				MTL_FAST_MATH = YES;
				ONLY_ACTIVE_ARCH = YES;
				SWIFT_ACTIVE_COMPILATION_CONDITIONS = DEBUG;
				SWIFT_OPTIMIZATION_LEVEL = "-Onone";
			};
			name = Debug;
		};
		6C7A53AA274980420058294D /* Release */ = {
			isa = XCBuildConfiguration;
			buildSettings = {
				ALWAYS_SEARCH_USER_PATHS = NO;
				CLANG_ANALYZER_NONNULL = YES;
				CLANG_ANALYZER_NUMBER_OBJECT_CONVERSION = YES_AGGRESSIVE;
				CLANG_CXX_LANGUAGE_STANDARD = "gnu++17";
				CLANG_CXX_LIBRARY = "libc++";
				CLANG_ENABLE_MODULES = YES;
				CLANG_ENABLE_OBJC_ARC = YES;
				CLANG_ENABLE_OBJC_WEAK = YES;
				CLANG_WARN_BLOCK_CAPTURE_AUTORELEASING = YES;
				CLANG_WARN_BOOL_CONVERSION = YES;
				CLANG_WARN_COMMA = YES;
				CLANG_WARN_CONSTANT_CONVERSION = YES;
				CLANG_WARN_DEPRECATED_OBJC_IMPLEMENTATIONS = YES;
				CLANG_WARN_DIRECT_OBJC_ISA_USAGE = YES_ERROR;
				CLANG_WARN_DOCUMENTATION_COMMENTS = YES;
				CLANG_WARN_EMPTY_BODY = YES;
				CLANG_WARN_ENUM_CONVERSION = YES;
				CLANG_WARN_INFINITE_RECURSION = YES;
				CLANG_WARN_INT_CONVERSION = YES;
				CLANG_WARN_NON_LITERAL_NULL_CONVERSION = YES;
				CLANG_WARN_OBJC_IMPLICIT_RETAIN_SELF = YES;
				CLANG_WARN_OBJC_LITERAL_CONVERSION = YES;
				CLANG_WARN_OBJC_ROOT_CLASS = YES_ERROR;
				CLANG_WARN_QUOTED_INCLUDE_IN_FRAMEWORK_HEADER = YES;
				CLANG_WARN_RANGE_LOOP_ANALYSIS = YES;
				CLANG_WARN_STRICT_PROTOTYPES = YES;
				CLANG_WARN_SUSPICIOUS_MOVE = YES;
				CLANG_WARN_UNGUARDED_AVAILABILITY = YES_AGGRESSIVE;
				CLANG_WARN_UNREACHABLE_CODE = YES;
				CLANG_WARN__DUPLICATE_METHOD_MATCH = YES;
				COPY_PHASE_STRIP = NO;
				DEBUG_INFORMATION_FORMAT = "dwarf-with-dsym";
				ENABLE_NS_ASSERTIONS = NO;
				ENABLE_STRICT_OBJC_MSGSEND = YES;
				GCC_C_LANGUAGE_STANDARD = gnu11;
				GCC_NO_COMMON_BLOCKS = YES;
				GCC_WARN_64_TO_32_BIT_CONVERSION = YES;
				GCC_WARN_ABOUT_RETURN_TYPE = YES_ERROR;
				GCC_WARN_UNDECLARED_SELECTOR = YES;
				GCC_WARN_UNINITIALIZED_AUTOS = YES_AGGRESSIVE;
				GCC_WARN_UNUSED_FUNCTION = YES;
				GCC_WARN_UNUSED_VARIABLE = YES;
				MTL_ENABLE_DEBUG_INFO = NO;
				MTL_FAST_MATH = YES;
				SWIFT_COMPILATION_MODE = wholemodule;
				SWIFT_OPTIMIZATION_LEVEL = "-O";
			};
			name = Release;
		};
		6C7A53AC274980420058294D /* Debug */ = {
			isa = XCBuildConfiguration;
			buildSettings = {
				ASSETCATALOG_COMPILER_COMPLICATION_NAME = Complication;
				CODE_SIGN_STYLE = Automatic;
				CURRENT_PROJECT_VERSION = 1;
				DEVELOPMENT_ASSET_PATHS = "\"AppWatchCommunication WatchKit Extension/Preview Content\"";
				DEVELOPMENT_TEAM = 35W7TZ9DUM;
				ENABLE_PREVIEWS = YES;
				GENERATE_INFOPLIST_FILE = YES;
				INFOPLIST_FILE = "AppWatchCommunication WatchKit Extension/Info.plist";
				INFOPLIST_KEY_CFBundleDisplayName = "AppWatchCommunication WatchKit Extension";
				INFOPLIST_KEY_CLKComplicationPrincipalClass = "$(PRODUCT_MODULE_NAME).ComplicationController";
				INFOPLIST_KEY_NSHumanReadableCopyright = "";
				INFOPLIST_KEY_WKRunsIndependentlyOfCompanionApp = YES;
				LD_RUNPATH_SEARCH_PATHS = (
					"$(inherited)",
					"@executable_path/Frameworks",
					"@executable_path/../../Frameworks",
				);
				MARKETING_VERSION = 1.0;
				PRODUCT_BUNDLE_IDENTIFIER = com.product.AppWatchCommunication.watchkitapp.watchkitextension;
				PRODUCT_NAME = "${TARGET_NAME}";
				SDKROOT = watchos;
				SKIP_INSTALL = YES;
				SWIFT_EMIT_LOC_STRINGS = YES;
				SWIFT_VERSION = 5.0;
				TARGETED_DEVICE_FAMILY = 4;
				WATCHOS_DEPLOYMENT_TARGET = 8.0;
			};
			name = Debug;
		};
		6C7A53AD274980420058294D /* Release */ = {
			isa = XCBuildConfiguration;
			buildSettings = {
				ASSETCATALOG_COMPILER_COMPLICATION_NAME = Complication;
				CODE_SIGN_STYLE = Automatic;
				CURRENT_PROJECT_VERSION = 1;
				DEVELOPMENT_ASSET_PATHS = "\"AppWatchCommunication WatchKit Extension/Preview Content\"";
				DEVELOPMENT_TEAM = 35W7TZ9DUM;
				ENABLE_PREVIEWS = YES;
				GENERATE_INFOPLIST_FILE = YES;
				INFOPLIST_FILE = "AppWatchCommunication WatchKit Extension/Info.plist";
				INFOPLIST_KEY_CFBundleDisplayName = "AppWatchCommunication WatchKit Extension";
				INFOPLIST_KEY_CLKComplicationPrincipalClass = "$(PRODUCT_MODULE_NAME).ComplicationController";
				INFOPLIST_KEY_NSHumanReadableCopyright = "";
				INFOPLIST_KEY_WKRunsIndependentlyOfCompanionApp = YES;
				LD_RUNPATH_SEARCH_PATHS = (
					"$(inherited)",
					"@executable_path/Frameworks",
					"@executable_path/../../Frameworks",
				);
				MARKETING_VERSION = 1.0;
				PRODUCT_BUNDLE_IDENTIFIER = com.product.AppWatchCommunication.watchkitapp.watchkitextension;
				PRODUCT_NAME = "${TARGET_NAME}";
				SDKROOT = watchos;
				SKIP_INSTALL = YES;
				SWIFT_EMIT_LOC_STRINGS = YES;
				SWIFT_VERSION = 5.0;
				TARGETED_DEVICE_FAMILY = 4;
				VALIDATE_PRODUCT = YES;
				WATCHOS_DEPLOYMENT_TARGET = 8.0;
			};
			name = Release;
		};
		6C7A53B0274980420058294D /* Debug */ = {
			isa = XCBuildConfiguration;
			buildSettings = {
				ALWAYS_EMBED_SWIFT_STANDARD_LIBRARIES = YES;
				ASSETCATALOG_COMPILER_APPICON_NAME = AppIcon;
				ASSETCATALOG_COMPILER_GLOBAL_ACCENT_COLOR_NAME = AccentColor;
				CODE_SIGN_STYLE = Automatic;
				CURRENT_PROJECT_VERSION = 1;
				DEVELOPMENT_TEAM = 35W7TZ9DUM;
				GENERATE_INFOPLIST_FILE = YES;
				IBSC_MODULE = AppWatchCommunication_WatchKit_Extension;
				INFOPLIST_KEY_CFBundleDisplayName = "AppWatchCommunication WatchKit App";
				INFOPLIST_KEY_UISupportedInterfaceOrientations = "UIInterfaceOrientationPortrait UIInterfaceOrientationPortraitUpsideDown";
				INFOPLIST_KEY_WKCompanionAppBundleIdentifier = com.product.AppWatchCommunication;
				MARKETING_VERSION = 1.0;
				PRODUCT_BUNDLE_IDENTIFIER = com.product.AppWatchCommunication.watchkitapp;
				PRODUCT_NAME = "$(TARGET_NAME)";
				SDKROOT = watchos;
				SKIP_INSTALL = YES;
				SWIFT_EMIT_LOC_STRINGS = YES;
				SWIFT_VERSION = 5.0;
				TARGETED_DEVICE_FAMILY = 4;
				WATCHOS_DEPLOYMENT_TARGET = 8.0;
			};
			name = Debug;
		};
		6C7A53B1274980420058294D /* Release */ = {
			isa = XCBuildConfiguration;
			buildSettings = {
				ALWAYS_EMBED_SWIFT_STANDARD_LIBRARIES = YES;
				ASSETCATALOG_COMPILER_APPICON_NAME = AppIcon;
				ASSETCATALOG_COMPILER_GLOBAL_ACCENT_COLOR_NAME = AccentColor;
				CODE_SIGN_STYLE = Automatic;
				CURRENT_PROJECT_VERSION = 1;
				DEVELOPMENT_TEAM = 35W7TZ9DUM;
				GENERATE_INFOPLIST_FILE = YES;
				IBSC_MODULE = AppWatchCommunication_WatchKit_Extension;
				INFOPLIST_KEY_CFBundleDisplayName = "AppWatchCommunication WatchKit App";
				INFOPLIST_KEY_UISupportedInterfaceOrientations = "UIInterfaceOrientationPortrait UIInterfaceOrientationPortraitUpsideDown";
				INFOPLIST_KEY_WKCompanionAppBundleIdentifier = com.product.AppWatchCommunication;
				MARKETING_VERSION = 1.0;
				PRODUCT_BUNDLE_IDENTIFIER = com.product.AppWatchCommunication.watchkitapp;
				PRODUCT_NAME = "$(TARGET_NAME)";
				SDKROOT = watchos;
				SKIP_INSTALL = YES;
				SWIFT_EMIT_LOC_STRINGS = YES;
				SWIFT_VERSION = 5.0;
				TARGETED_DEVICE_FAMILY = 4;
				VALIDATE_PRODUCT = YES;
				WATCHOS_DEPLOYMENT_TARGET = 8.0;
			};
			name = Release;
		};
		6C7A53B4274980420058294D /* Debug */ = {
			isa = XCBuildConfiguration;
			buildSettings = {
				ASSETCATALOG_COMPILER_APPICON_NAME = AppIcon;
				ASSETCATALOG_COMPILER_GLOBAL_ACCENT_COLOR_NAME = AccentColor;
				CODE_SIGN_STYLE = Automatic;
				CURRENT_PROJECT_VERSION = 1;
				DEVELOPMENT_ASSET_PATHS = "\"AppWatchCommunication/Preview Content\"";
				DEVELOPMENT_TEAM = 35W7TZ9DUM;
				ENABLE_PREVIEWS = YES;
				GENERATE_INFOPLIST_FILE = YES;
				INFOPLIST_KEY_UIApplicationSceneManifest_Generation = YES;
				INFOPLIST_KEY_UIApplicationSupportsIndirectInputEvents = YES;
				INFOPLIST_KEY_UILaunchScreen_Generation = YES;
				INFOPLIST_KEY_UISupportedInterfaceOrientations_iPad = "UIInterfaceOrientationPortrait UIInterfaceOrientationPortraitUpsideDown UIInterfaceOrientationLandscapeLeft UIInterfaceOrientationLandscapeRight";
				INFOPLIST_KEY_UISupportedInterfaceOrientations_iPhone = "UIInterfaceOrientationPortrait UIInterfaceOrientationLandscapeLeft UIInterfaceOrientationLandscapeRight";
				IPHONEOS_DEPLOYMENT_TARGET = 15.0;
				LD_RUNPATH_SEARCH_PATHS = (
					"$(inherited)",
					"@executable_path/Frameworks",
				);
				MARKETING_VERSION = 1.0;
				PRODUCT_BUNDLE_IDENTIFIER = com.product.AppWatchCommunication;
				PRODUCT_NAME = "$(TARGET_NAME)";
				SDKROOT = iphoneos;
				SWIFT_EMIT_LOC_STRINGS = YES;
				SWIFT_VERSION = 5.0;
				TARGETED_DEVICE_FAMILY = "1,2";
			};
			name = Debug;
		};
		6C7A53B5274980420058294D /* Release */ = {
			isa = XCBuildConfiguration;
			buildSettings = {
				ASSETCATALOG_COMPILER_APPICON_NAME = AppIcon;
				ASSETCATALOG_COMPILER_GLOBAL_ACCENT_COLOR_NAME = AccentColor;
				CODE_SIGN_STYLE = Automatic;
				CURRENT_PROJECT_VERSION = 1;
				DEVELOPMENT_ASSET_PATHS = "\"AppWatchCommunication/Preview Content\"";
				DEVELOPMENT_TEAM = 35W7TZ9DUM;
				ENABLE_PREVIEWS = YES;
				GENERATE_INFOPLIST_FILE = YES;
				INFOPLIST_KEY_UIApplicationSceneManifest_Generation = YES;
				INFOPLIST_KEY_UIApplicationSupportsIndirectInputEvents = YES;
				INFOPLIST_KEY_UILaunchScreen_Generation = YES;
				INFOPLIST_KEY_UISupportedInterfaceOrientations_iPad = "UIInterfaceOrientationPortrait UIInterfaceOrientationPortraitUpsideDown UIInterfaceOrientationLandscapeLeft UIInterfaceOrientationLandscapeRight";
				INFOPLIST_KEY_UISupportedInterfaceOrientations_iPhone = "UIInterfaceOrientationPortrait UIInterfaceOrientationLandscapeLeft UIInterfaceOrientationLandscapeRight";
				IPHONEOS_DEPLOYMENT_TARGET = 15.0;
				LD_RUNPATH_SEARCH_PATHS = (
					"$(inherited)",
					"@executable_path/Frameworks",
				);
				MARKETING_VERSION = 1.0;
				PRODUCT_BUNDLE_IDENTIFIER = com.product.AppWatchCommunication;
				PRODUCT_NAME = "$(TARGET_NAME)";
				SDKROOT = iphoneos;
				SWIFT_EMIT_LOC_STRINGS = YES;
				SWIFT_VERSION = 5.0;
				TARGETED_DEVICE_FAMILY = "1,2";
				VALIDATE_PRODUCT = YES;
			};
			name = Release;
		};
/* End XCBuildConfiguration section */

/* Begin XCConfigurationList section */
		6C7A5375274980400058294D /* Build configuration list for PBXProject "AppWatchCommunication" */ = {
			isa = XCConfigurationList;
			buildConfigurations = (
				6C7A53A9274980420058294D /* Debug */,
				6C7A53AA274980420058294D /* Release */,
			);
			defaultConfigurationIsVisible = 0;
			defaultConfigurationName = Release;
		};
		6C7A53AB274980420058294D /* Build configuration list for PBXNativeTarget "AppWatchCommunication WatchKit Extension" */ = {
			isa = XCConfigurationList;
			buildConfigurations = (
				6C7A53AC274980420058294D /* Debug */,
				6C7A53AD274980420058294D /* Release */,
			);
			defaultConfigurationIsVisible = 0;
			defaultConfigurationName = Release;
		};
		6C7A53AF274980420058294D /* Build configuration list for PBXNativeTarget "AppWatchCommunication WatchKit App" */ = {
			isa = XCConfigurationList;
			buildConfigurations = (
				6C7A53B0274980420058294D /* Debug */,
				6C7A53B1274980420058294D /* Release */,
			);
			defaultConfigurationIsVisible = 0;
			defaultConfigurationName = Release;
		};
		6C7A53B3274980420058294D /* Build configuration list for PBXNativeTarget "AppWatchCommunication" */ = {
			isa = XCConfigurationList;
			buildConfigurations = (
				6C7A53B4274980420058294D /* Debug */,
				6C7A53B5274980420058294D /* Release */,
			);
			defaultConfigurationIsVisible = 0;
			defaultConfigurationName = Release;
		};
/* End XCConfigurationList section */
	};
	rootObject = 6C7A5372274980400058294D /* Project object */;
}
